schema: '2.0'
stages:
  load_data:
    cmd: python src/load_data.py --config=params.yaml
    deps:
    - path: data_given/file1.csv
      md5: af7f51957b40640d9d0e9786b42ad9d8
      size: 85179
    - path: src/get_data.py
      md5: 57eb520c51b1d46f7141492a4ce5c208
      size: 684
    - path: src/load_data.py
      md5: bf9ea6e0fcd2ef3899ba4c7d8292dec1
      size: 666
    outs:
    - path: data/raw/file1.csv
      md5: 22ee21d935eb4bf3893433449f0b18c6
      size: 85189
  split_data:
    cmd: python src/split_data.py --config=params.yaml
    deps:
    - path: data/raw/file1.csv
      md5: 22ee21d935eb4bf3893433449f0b18c6
      size: 85189
    - path: src/split_data.py
      md5: 9252291235db4f40ce87640a30d364e4
      size: 1164
    outs:
    - path: data/processed/test_file1.csv
      md5: 42fec53e248ef865706c8d190bead165
      size: 15302
    - path: data/processed/train_file1.csv
      md5: 8651a1dba122dd81ffc286d982ff1fa2
      size: 60526
  train_and_evaluate:
    cmd: python src/train_and_evaluate.py --config=params.yaml
    deps:
    - path: data/processed/test_file1.csv
      md5: 42fec53e248ef865706c8d190bead165
      size: 15302
    - path: data/processed/train_file1.csv
      md5: 8651a1dba122dd81ffc286d982ff1fa2
      size: 60526
    - path: src/train_and_evaluate.py
      md5: a11cbd21522a00f580faa163479b8062
      size: 2578
    params:
      params.yaml:
        estimators.RandomForestClassifier.params.n_estimators: 900
    outs:
    - path: report/params.json
      md5: bc7b9b347394b560f377bf057b795108
      size: 29
    - path: report/scores.json
      md5: 6e26817448d92b3bccb8f1835a283a51
      size: 36
    - path: saved_models/model.joblib
      md5: b0f28af5a40299dae5046b6bbeb6eefd
      size: 19393649
